
Microsoft Visual Studio Solution File, Format Version 12.00
# Visual Studio Version 16
VisualStudioVersion = 16.0.29424.173
MinimumVisualStudioVersion = 10.0.40219.1
Project("{FAE04EC0-301F-11D3-BF4B-00C04F79EFBC}") = "PostgreSQL.NetCore", "PostgreSQL.NetCore\PostgreSQL.NetCore.csproj", "{46FD986F-03B9-47F7-9350-7974EC88BE15}"
EndProject
Global
	GlobalSection(SolutionConfigurationPlatforms) = preSolution
		Debug|Any CPU = Debug|Any CPU
		Release|Any CPU = Release|Any CPU
	EndGlobalSection
	GlobalSection(ProjectConfigurationPlatforms) = postSolution
		{46FD986F-03B9-47F7-9350-7974EC88BE15}.Debug|Any CPU.ActiveCfg = Debug|Any CPU
		{46FD986F-03B9-47F7-9350-7974EC88BE15}.Debug|Any CPU.Build.0 = Debug|Any CPU
		{46FD986F-03B9-47F7-9350-7974EC88BE15}.Release|Any CPU.ActiveCfg = Release|Any CPU
		{46FD986F-03B9-47F7-9350-7974EC88BE15}.Release|Any CPU.Build.0 = Release|Any CPU
	EndGlobalSection
	GlobalSection(SolutionProperties) = preSolution
		HideSolutionNode = FALSE
	EndGlobalSection
	GlobalSection(ExtensibilityGlobals) = postSolution
		SolutionGuid = {5B91EDC4-8255-4127-839C-76CA87CFB842}
	EndGlobalSection
EndGlobal
